
Microsoft Visual Studio Solution File, Format Version 12.00
# Visual Studio Version 17
VisualStudioVersion = 17.6.33829.357
MinimumVisualStudioVersion = 10.0.40219.1
Project("{2150E333-8FDC-42A3-9474-1A3956D46DE8}") = "src", "src", "{01169C5A-4BF1-4F2F-B8BE-837BD3A5480B}"
EndProject
Project("{2150E333-8FDC-42A3-9474-1A3956D46DE8}") = "infraestructure", "infraestructure", "{EEDDCF80-A0F6-4DB9-B0E3-FAEDEDC516D6}"
EndProject
Project("{2150E333-8FDC-42A3-9474-1A3956D46DE8}") = "core", "core", "{4258635A-12CE-44BD-8707-5E3D5EF5ABFD}"
EndProject
Project("{2150E333-8FDC-42A3-9474-1A3956D46DE8}") = "presentation", "presentation", "{7603859D-4579-4417-9A53-CB2F6393E428}"
EndProject
Project("{FAE04EC0-301F-11D3-BF4B-00C04F79EFBC}") = "Aplication", "Aplication\Aplication.csproj", "{F833B6B4-CD08-4252-82DB-C0090C804347}"
EndProject
Project("{FAE04EC0-301F-11D3-BF4B-00C04F79EFBC}") = "Domain", "Domain\Domain.csproj", "{CAF028EF-1135-4267-90E2-D44EED4E3091}"
EndProject
Project("{FAE04EC0-301F-11D3-BF4B-00C04F79EFBC}") = "Persistence", "Persistence\Persistence.csproj", "{8330FE96-FEB8-41E9-AA4B-2DBCFFFFE86B}"
EndProject
Project("{FAE04EC0-301F-11D3-BF4B-00C04F79EFBC}") = "Shared", "Shared\Shared.csproj", "{6CF1788F-EE5F-49DA-881C-E61310734F41}"
EndProject
Project("{FAE04EC0-301F-11D3-BF4B-00C04F79EFBC}") = "WebAPI", "WebAPI\WebAPI.csproj", "{3C58E388-46E4-432F-A3F6-4E386BA43A0C}"
EndProject
Global
	GlobalSection(SolutionConfigurationPlatforms) = preSolution
		Debug|Any CPU = Debug|Any CPU
		Release|Any CPU = Release|Any CPU
	EndGlobalSection
	GlobalSection(ProjectConfigurationPlatforms) = postSolution
		{F833B6B4-CD08-4252-82DB-C0090C804347}.Debug|Any CPU.ActiveCfg = Debug|Any CPU
		{F833B6B4-CD08-4252-82DB-C0090C804347}.Debug|Any CPU.Build.0 = Debug|Any CPU
		{F833B6B4-CD08-4252-82DB-C0090C804347}.Release|Any CPU.ActiveCfg = Release|Any CPU
		{F833B6B4-CD08-4252-82DB-C0090C804347}.Release|Any CPU.Build.0 = Release|Any CPU
		{CAF028EF-1135-4267-90E2-D44EED4E3091}.Debug|Any CPU.ActiveCfg = Debug|Any CPU
		{CAF028EF-1135-4267-90E2-D44EED4E3091}.Debug|Any CPU.Build.0 = Debug|Any CPU
		{CAF028EF-1135-4267-90E2-D44EED4E3091}.Release|Any CPU.ActiveCfg = Release|Any CPU
		{CAF028EF-1135-4267-90E2-D44EED4E3091}.Release|Any CPU.Build.0 = Release|Any CPU
		{8330FE96-FEB8-41E9-AA4B-2DBCFFFFE86B}.Debug|Any CPU.ActiveCfg = Debug|Any CPU
		{8330FE96-FEB8-41E9-AA4B-2DBCFFFFE86B}.Debug|Any CPU.Build.0 = Debug|Any CPU
		{8330FE96-FEB8-41E9-AA4B-2DBCFFFFE86B}.Release|Any CPU.ActiveCfg = Release|Any CPU
		{8330FE96-FEB8-41E9-AA4B-2DBCFFFFE86B}.Release|Any CPU.Build.0 = Release|Any CPU
		{6CF1788F-EE5F-49DA-881C-E61310734F41}.Debug|Any CPU.ActiveCfg = Debug|Any CPU
		{6CF1788F-EE5F-49DA-881C-E61310734F41}.Debug|Any CPU.Build.0 = Debug|Any CPU
		{6CF1788F-EE5F-49DA-881C-E61310734F41}.Release|Any CPU.ActiveCfg = Release|Any CPU
		{6CF1788F-EE5F-49DA-881C-E61310734F41}.Release|Any CPU.Build.0 = Release|Any CPU
		{3C58E388-46E4-432F-A3F6-4E386BA43A0C}.Debug|Any CPU.ActiveCfg = Debug|Any CPU
		{3C58E388-46E4-432F-A3F6-4E386BA43A0C}.Debug|Any CPU.Build.0 = Debug|Any CPU
		{3C58E388-46E4-432F-A3F6-4E386BA43A0C}.Release|Any CPU.ActiveCfg = Release|Any CPU
		{3C58E388-46E4-432F-A3F6-4E386BA43A0C}.Release|Any CPU.Build.0 = Release|Any CPU
	EndGlobalSection
	GlobalSection(SolutionProperties) = preSolution
		HideSolutionNode = FALSE
	EndGlobalSection
	GlobalSection(NestedProjects) = preSolution
		{EEDDCF80-A0F6-4DB9-B0E3-FAEDEDC516D6} = {01169C5A-4BF1-4F2F-B8BE-837BD3A5480B}
		{4258635A-12CE-44BD-8707-5E3D5EF5ABFD} = {01169C5A-4BF1-4F2F-B8BE-837BD3A5480B}
		{7603859D-4579-4417-9A53-CB2F6393E428} = {01169C5A-4BF1-4F2F-B8BE-837BD3A5480B}
		{F833B6B4-CD08-4252-82DB-C0090C804347} = {4258635A-12CE-44BD-8707-5E3D5EF5ABFD}
		{CAF028EF-1135-4267-90E2-D44EED4E3091} = {4258635A-12CE-44BD-8707-5E3D5EF5ABFD}
		{8330FE96-FEB8-41E9-AA4B-2DBCFFFFE86B} = {EEDDCF80-A0F6-4DB9-B0E3-FAEDEDC516D6}
		{6CF1788F-EE5F-49DA-881C-E61310734F41} = {EEDDCF80-A0F6-4DB9-B0E3-FAEDEDC516D6}
		{3C58E388-46E4-432F-A3F6-4E386BA43A0C} = {7603859D-4579-4417-9A53-CB2F6393E428}
	EndGlobalSection
	GlobalSection(ExtensibilityGlobals) = postSolution
		SolutionGuid = {E928D351-2DF4-40BC-84A0-5E7B485D604E}
	EndGlobalSection
EndGlobal
